
Microsoft Visual Studio Solution File, Format Version 12.00
# Visual Studio Version 17
VisualStudioVersion = 17.4.33205.214
MinimumVisualStudioVersion = 10.0.40219.1
Project("{FAE04EC0-301F-11D3-BF4B-00C04F79EFBC}") = "NyanGram", "NyanGram\NyanGram.csproj", "{DEAAE4CB-8006-4153-8AC8-7999C44305E7}"
EndProject
Global
	GlobalSection(SolutionConfigurationPlatforms) = preSolution
		Debug|Any CPU = Debug|Any CPU
		Release|Any CPU = Release|Any CPU
	EndGlobalSection
	GlobalSection(ProjectConfigurationPlatforms) = postSolution
		{DEAAE4CB-8006-4153-8AC8-7999C44305E7}.Debug|Any CPU.ActiveCfg = Debug|Any CPU
		{DEAAE4CB-8006-4153-8AC8-7999C44305E7}.Debug|Any CPU.Build.0 = Debug|Any CPU
		{DEAAE4CB-8006-4153-8AC8-7999C44305E7}.Release|Any CPU.ActiveCfg = Release|Any CPU
		{DEAAE4CB-8006-4153-8AC8-7999C44305E7}.Release|Any CPU.Build.0 = Release|Any CPU
	EndGlobalSection
	GlobalSection(SolutionProperties) = preSolution
		HideSolutionNode = FALSE
	EndGlobalSection
	GlobalSection(ExtensibilityGlobals) = postSolution
		SolutionGuid = {E9044B4C-0261-4458-83F6-19C879588A08}
	EndGlobalSection
EndGlobal
